
Microsoft Visual Studio Solution File, Format Version 12.00
# Visual Studio Version 16
VisualStudioVersion = 16.0.30523.141
MinimumVisualStudioVersion = 10.0.40219.1
Project("{FAE04EC0-301F-11D3-BF4B-00C04F79EFBC}") = "ChatApp", "ChatApp.csproj", "{072944EE-5DB7-4894-95AD-75BEAE0E6178}"
EndProject
Global
	GlobalSection(SolutionConfigurationPlatforms) = preSolution
		Debug|Any CPU = Debug|Any CPU
		Release|Any CPU = Release|Any CPU
	EndGlobalSection
	GlobalSection(ProjectConfigurationPlatforms) = postSolution
		{072944EE-5DB7-4894-95AD-75BEAE0E6178}.Debug|Any CPU.ActiveCfg = Debug|Any CPU
		{072944EE-5DB7-4894-95AD-75BEAE0E6178}.Debug|Any CPU.Build.0 = Debug|Any CPU
		{072944EE-5DB7-4894-95AD-75BEAE0E6178}.Release|Any CPU.ActiveCfg = Release|Any CPU
		{072944EE-5DB7-4894-95AD-75BEAE0E6178}.Release|Any CPU.Build.0 = Release|Any CPU
	EndGlobalSection
	GlobalSection(SolutionProperties) = preSolution
		HideSolutionNode = FALSE
	EndGlobalSection
	GlobalSection(ExtensibilityGlobals) = postSolution
		SolutionGuid = {6A6B9321-54F4-4D7A-9353-68B6E53A1CA6}
	EndGlobalSection
EndGlobal
